version = 1
revision = 1
requires-python = "==3.9.*"

[[package]]
name = "absl-py"
version = "2.3.1"
source = { registry = "https://pypi.org/simple" }
sdist = { url = "https://files.pythonhosted.org/packages/10/2a/c93173ffa1b39c1d0395b7e842bbdc62e556ca9d8d3b5572926f3e4ca752/absl_py-2.3.1.tar.gz", hash = "sha256:a97820526f7fbfd2ec1bce83f3f25e3a14840dac0d8e02a0b71cd75db3f77fc9", size = 116588 }
wheels = [
    { url = "https://files.pythonhosted.org/packages/8f/aa/ba0014cc4659328dc818a28827be78e6d97312ab0cb98105a770924dc11e/absl_py-2.3.1-py3-none-any.whl", hash = "sha256:eeecf07f0c2a93ace0772c92e596ace6d3d3996c042b2128459aaae2a76de11d", size = 135811 },
]

[[package]]
name = "certifi"
version = "2025.11.12"
source = { registry = "https://pypi.org/simple" }
sdist = { url = "https://files.pythonhosted.org/packages/a2/8c/58f469717fa48465e4a50c014a0400602d3c437d7c0c468e17ada824da3a/certifi-2025.11.12.tar.gz", hash = "sha256:d8ab5478f2ecd78af242878415affce761ca6bc54a22a27e026d7c25357c3316", size = 160538 }
wheels = [
    { url = "https://files.pythonhosted.org/packages/70/7d/9bc192684cea499815ff478dfcdc13835ddf401365057044fb721ec6bddb/certifi-2025.11.12-py3-none-any.whl", hash = "sha256:97de8790030bbd5c2d96b7ec782fc2f7820ef8dba6db909ccf95449f2d062d4b", size = 159438 },
]

[[package]]
name = "charset-normalizer"
version = "3.4.4"
source = { registry = "https://pypi.org/simple" }
sdist = { url = "https://files.pythonhosted.org/packages/13/69/33ddede1939fdd074bce5434295f38fae7136463422fe4fd3e0e89b98062/charset_normalizer-3.4.4.tar.gz", hash = "sha256:94537985111c35f28720e43603b8e7b43a6ecfb2ce1d3058bbe955b73404e21a", size = 129418 }
wheels = [
    { url = "https://files.pythonhosted.org/packages/46/7c/0c4760bccf082737ca7ab84a4c2034fcc06b1f21cf3032ea98bd6feb1725/charset_normalizer-3.4.4-cp39-cp39-macosx_10_9_universal2.whl", hash = "sha256:a9768c477b9d7bd54bc0c86dbaebdec6f03306675526c9927c0e8a04e8f94af9", size = 209609 },
    { url = "https://files.pythonhosted.org/packages/bb/a4/69719daef2f3d7f1819de60c9a6be981b8eeead7542d5ec4440f3c80e111/charset_normalizer-3.4.4-cp39-cp39-manylinux2014_aarch64.manylinux_2_17_aarch64.manylinux_2_28_aarch64.whl", hash = "sha256:1bee1e43c28aa63cb16e5c14e582580546b08e535299b8b6158a7c9c768a1f3d", size = 149029 },
    { url = "https://files.pythonhosted.org/packages/e6/21/8d4e1d6c1e6070d3672908b8e4533a71b5b53e71d16828cc24d0efec564c/charset_normalizer-3.4.4-cp39-cp39-manylinux2014_armv7l.manylinux_2_17_armv7l.manylinux_2_31_armv7l.whl", hash = "sha256:fd44c878ea55ba351104cb93cc85e74916eb8fa440ca7903e57575e97394f608", size = 144580 },
    { url = "https://files.pythonhosted.org/packages/a7/0a/a616d001b3f25647a9068e0b9199f697ce507ec898cacb06a0d5a1617c99/charset_normalizer-3.4.4-cp39-cp39-manylinux2014_ppc64le.manylinux_2_17_ppc64le.manylinux_2_28_ppc64le.whl", hash = "sha256:0f04b14ffe5fdc8c4933862d8306109a2c51e0704acfa35d51598eb45a1e89fc", size = 162340 },
    { url = "https://files.pythonhosted.org/packages/85/93/060b52deb249a5450460e0585c88a904a83aec474ab8e7aba787f45e79f2/charset_normalizer-3.4.4-cp39-cp39-manylinux2014_s390x.manylinux_2_17_s390x.manylinux_2_28_s390x.whl", hash = "sha256:cd09d08005f958f370f539f186d10aec3377d55b9eeb0d796025d4886119d76e", size = 159619 },
    { url = "https://files.pythonhosted.org/packages/dd/21/0274deb1cc0632cd587a9a0ec6b4674d9108e461cb4cd40d457adaeb0564/charset_normalizer-3.4.4-cp39-cp39-manylinux2014_x86_64.manylinux_2_17_x86_64.manylinux_2_28_x86_64.whl", hash = "sha256:4fe7859a4e3e8457458e2ff592f15ccb02f3da787fcd31e0183879c3ad4692a1", size = 153980 },
    { url = "https://files.pythonhosted.org/packages/28/2b/e3d7d982858dccc11b31906976323d790dded2017a0572f093ff982d692f/charset_normalizer-3.4.4-cp39-cp39-manylinux_2_31_riscv64.manylinux_2_39_riscv64.whl", hash = "sha256:fa09f53c465e532f4d3db095e0c55b615f010ad81803d383195b6b5ca6cbf5f3", size = 152174 },
    { url = "https://files.pythonhosted.org/packages/6e/ff/4a269f8e35f1e58b2df52c131a1fa019acb7ef3f8697b7d464b07e9b492d/charset_normalizer-3.4.4-cp39-cp39-musllinux_1_2_aarch64.whl", hash = "sha256:7fa17817dc5625de8a027cb8b26d9fefa3ea28c8253929b8d6649e705d2835b6", size = 151666 },
    { url = "https://files.pythonhosted.org/packages/da/c9/ec39870f0b330d58486001dd8e532c6b9a905f5765f58a6f8204926b4a93/charset_normalizer-3.4.4-cp39-cp39-musllinux_1_2_armv7l.whl", hash = "sha256:5947809c8a2417be3267efc979c47d76a079758166f7d43ef5ae8e9f92751f88", size = 145550 },
    { url = "https://files.pythonhosted.org/packages/75/8f/d186ab99e40e0ed9f82f033d6e49001701c81244d01905dd4a6924191a30/charset_normalizer-3.4.4-cp39-cp39-musllinux_1_2_ppc64le.whl", hash = "sha256:4902828217069c3c5c71094537a8e623f5d097858ac6ca8252f7b4d10b7560f1", size = 163721 },
    { url = "https://files.pythonhosted.org/packages/96/b1/6047663b9744df26a7e479ac1e77af7134b1fcf9026243bb48ee2d18810f/charset_normalizer-3.4.4-cp39-cp39-musllinux_1_2_riscv64.whl", hash = "sha256:7c308f7e26e4363d79df40ca5b2be1c6ba9f02bdbccfed5abddb7859a6ce72cf", size = 152127 },
    { url = "https://files.pythonhosted.org/packages/59/78/e5a6eac9179f24f704d1be67d08704c3c6ab9f00963963524be27c18ed87/charset_normalizer-3.4.4-cp39-cp39-musllinux_1_2_s390x.whl", hash = "sha256:2c9d3c380143a1fedbff95a312aa798578371eb29da42106a29019368a475318", size = 161175 },
    { url = "https://files.pythonhosted.org/packages/e5/43/0e626e42d54dd2f8dd6fc5e1c5ff00f05fbca17cb699bedead2cae69c62f/charset_normalizer-3.4.4-cp39-cp39-musllinux_1_2_x86_64.whl", hash = "sha256:cb01158d8b88ee68f15949894ccc6712278243d95f344770fa7593fa2d94410c", size = 155375 },
    { url = "https://files.pythonhosted.org/packages/e9/91/d9615bf2e06f35e4997616ff31248c3657ed649c5ab9d35ea12fce54e380/charset_normalizer-3.4.4-cp39-cp39-win32.whl", hash = "sha256:2677acec1a2f8ef614c6888b5b4ae4060cc184174a938ed4e8ef690e15d3e505", size = 99692 },
    { url = "https://files.pythonhosted.org/packages/d1/a9/6c040053909d9d1ef4fcab45fddec083aedc9052c10078339b47c8573ea8/charset_normalizer-3.4.4-cp39-cp39-win_amd64.whl", hash = "sha256:f8e160feb2aed042cd657a72acc0b481212ed28b1b9a95c0cee1621b524e1966", size = 107192 },
    { url = "https://files.pythonhosted.org/packages/f0/c6/4fa536b2c0cd3edfb7ccf8469fa0f363ea67b7213a842b90909ca33dd851/charset_normalizer-3.4.4-cp39-cp39-win_arm64.whl", hash = "sha256:b5d84d37db046c5ca74ee7bb47dd6cbc13f80665fdde3e8040bdd3fb015ecb50", size = 100220 },
    { url = "https://files.pythonhosted.org/packages/0a/4c/925909008ed5a988ccbb72dcc897407e5d6d3bd72410d69e051fc0c14647/charset_normalizer-3.4.4-py3-none-any.whl", hash = "sha256:7a32c560861a02ff789ad905a2fe94e3f840803362c84fecf1851cb4cf3dc37f", size = 53402 },
]

[[package]]
name = "colorama"
version = "0.4.6"
source = { registry = "https://pypi.org/simple" }
sdist = { url = "https://files.pythonhosted.org/packages/d8/53/6f443c9a4a8358a93a6792e2acffb9d9d5cb0a5cfd8802644b7b1c9a02e4/colorama-0.4.6.tar.gz", hash = "sha256:08695f5cb7ed6e0531a20572697297273c47b8cae5a63ffc6d6ed5c201be6e44", size = 27697 }
wheels = [
    { url = "https://files.pythonhosted.org/packages/d1/d6/3965ed04c63042e047cb6a3e6ed1a63a35087b6a609aa3a15ed8ac56c221/colorama-0.4.6-py2.py3-none-any.whl", hash = "sha256:4f1d9991f5acc0ca119f9d443620b77f9d6b33703e51011c16baf57afb285fc6", size = 25335 },
]

[[package]]
name = "cvxopt"
version = "1.3.2"
source = { registry = "https://pypi.org/simple" }
sdist = { url = "https://files.pythonhosted.org/packages/f5/12/8467d16008ab7577259d32f1e59c4d84edda22b7729ab4a1a0dfd5f0550b/cvxopt-1.3.2.tar.gz", hash = "sha256:3461fa42c1b2240ba4da1d985ca73503914157fc4c77417327ed6d7d85acdbe6", size = 4108454 }
wheels = [
    { url = "https://files.pythonhosted.org/packages/74/0f/297db0387cc75ea2370d360d62853826d1ddf92e1729fd48ca11d7bb1e53/cvxopt-1.3.2-cp39-cp39-macosx_10_9_x86_64.whl", hash = "sha256:e2ec16afa3e953159e148b7470159e415108aadb8bb1815baaea2e37ad7e1d8c", size = 13835120 },
    { url = "https://files.pythonhosted.org/packages/3e/69/0cae7accc45e61fd5479c9cf140c31d63c2521ec83c4204582031660bb66/cvxopt-1.3.2-cp39-cp39-macosx_11_0_arm64.whl", hash = "sha256:8157ef551c80b4745b786d0d8ae5cc222824482fb8596ce271bf49b707d38577", size = 11095259 },
    { url = "https://files.pythonhosted.org/packages/00/39/c8186f7d674d60ea1ff0e6e32bd867fc65c60d03fca73cd8a48af1415754/cvxopt-1.3.2-cp39-cp39-manylinux_2_17_x86_64.manylinux2014_x86_64.whl", hash = "sha256:098abd1d648d9e44f7ad55542b3b7f978b82280f4332ad80a937db6fbe274600", size = 13577494 },
    { url = "https://files.pythonhosted.org/packages/79/01/f76f9f48822b4bd2cb65e480f46c8dd1ebf71ee2f8dcff29d495ba25b75c/cvxopt-1.3.2-cp39-cp39-manylinux_2_28_aarch64.whl", hash = "sha256:d4f2d79689d59a028a87c4cecc9a1f11d88da09025c3ab92d00c5457d4d7d916", size = 13794769 },
    { url = "https://files.pythonhosted.org/packages/c8/17/78f4940f60af5fc64b9bdfa918d8e647a090effe8401b6c3dbf93573fe5f/cvxopt-1.3.2-cp39-cp39-musllinux_1_2_aarch64.whl", hash = "sha256:b68238b40b4ea88018f4cd82920903201ba0dbf4aae35264aaf7aef7e1752a41", size = 9479238 },
    { url = "https://files.pythonhosted.org/packages/73/d5/3f6bbdf913e6707b0ee93241060d50289cb1587b4d3036fb357e1882dad9/cvxopt-1.3.2-cp39-cp39-win_amd64.whl", hash = "sha256:f4ae2bc20a7d44657cc3ab1e2b80fa07ff3ebe0c1e0fa1f0b27b2ba693eb5072", size = 12844720 },
]

[[package]]
name = "cysignals"
version = "1.12.5"
source = { registry = "https://pypi.org/simple" }
sdist = { url = "https://files.pythonhosted.org/packages/ba/be/3dd297fb25113abf40dd5de66088ce6883b62c417caa6b5fc2a84b9d48bf/cysignals-1.12.5.tar.gz", hash = "sha256:8f8ed409043d028b59d063dc4c069cbf12a750534757ce06f38eeac5ff368700", size = 86022 }
wheels = [
    { url = "https://files.pythonhosted.org/packages/2e/e0/d746e06c297f8d28cba4cc9839a187ccf54551f08ff90c8e2b1bf105283c/cysignals-1.12.5-cp39-cp39-macosx_10_9_x86_64.whl", hash = "sha256:421b7e880255d97a78b33c2a7b5fc2fb8096ebe5ca4b8b6e7a9cff02536c433d", size = 217028 },
    { url = "https://files.pythonhosted.org/packages/0a/b5/b946e1d699d9c2c3cc1039958ef06d7620f4eb387bd748a6470a2fa645fc/cysignals-1.12.5-cp39-cp39-macosx_11_0_arm64.whl", hash = "sha256:ea8988f1b6b9eaff7a30e47593e9856b1888fe881b1e10c9c3158ba3ea3c23d3", size = 217994 },
    { url = "https://files.pythonhosted.org/packages/d8/13/0cb4ea1a8a4e1ec9ced745cc9e7e6fb93c3a0976f0428d02865216877f4b/cysignals-1.12.5-cp39-cp39-manylinux2014_aarch64.manylinux_2_17_aarch64.manylinux_2_28_aarch64.whl", hash = "sha256:4641b141545dc719ef694608ad717507e39b1c1521297a15a25d36a441f937fb", size = 263273 },
    { url = "https://files.pythonhosted.org/packages/bc/3b/521eaa38d6852cc39308093932a0cb10918437d8abe2f9394231052c6fff/cysignals-1.12.5-cp39-cp39-manylinux2014_x86_64.manylinux_2_17_x86_64.manylinux_2_28_x86_64.whl", hash = "sha256:52b8b72f9dd07d8a1d87633a53afab825eb6027f3a1b92777df590fb0ac9c3c1", size = 268951 },
    { url = "https://files.pythonhosted.org/packages/6e/65/4910d09371f2c070d164b1252d21817bdd6d598fd90528d67519abad7d88/cysignals-1.12.5-cp39-cp39-musllinux_1_2_aarch64.whl", hash = "sha256:32bfec54acb3aaf0f5a89411221974aad2507eae17009029df44795f4c0e9317", size = 265170 },
    { url = "https://files.pythonhosted.org/packages/75/f9/93eb41c452ca39236c757efb62eb56ead0e83edfc69e7a8f46091cd27635/cysignals-1.12.5-cp39-cp39-musllinux_1_2_x86_64.whl", hash = "sha256:95ace34327ded6e3634185d03d2defc83e74d644d8ecc8cd2738558e60ee6a2f", size = 271917 },
    { url = "https://files.pythonhosted.org/packages/3c/89/9bbad8174bd1400b37a92527aa101d8fb148ef4ccd0ec566c81776074a67/cysignals-1.12.5-cp39-cp39-win_amd64.whl", hash = "sha256:c512da79dddb83315912704d66d160d2942e792d055b44b090b37bf8210277f1", size = 53833 },
    { url = "https://files.pythonhosted.org/packages/ca/b1/c4f63a656ee46c2058acaa6ca59d3c820f1a1b6161d54a8e1f90e10094ab/cysignals-1.12.5-cp39-cp39-win_arm64.whl", hash = "sha256:78e5be4b7d6173afae961ab896e38b7439f6e0873031bf059677fdc5765ecfa6", size = 50864 },
]

[[package]]
name = "gmpy2"
version = "2.2.2"
source = { registry = "https://pypi.org/simple" }
sdist = { url = "https://files.pythonhosted.org/packages/fa/58/aff69026cd43a284b979d6be8104a82bd2378ca8f1aaa036508dbee7f1d9/gmpy2-2.2.2.tar.gz", hash = "sha256:d9b8c81e0f5e1a3cabf1ea8d154b29b5ef6e33b8f4e4c37b3da957b2dd6a3fa8", size = 267106 }
wheels = [
    { url = "https://files.pythonhosted.org/packages/e2/c9/ec5b0446fdef5d6a00940bdba45642f1df3c443053930fd2c62a583b7d3c/gmpy2-2.2.2-cp39-cp39-macosx_10_9_x86_64.whl", hash = "sha256:a972a04538d865cd069b962992e59e3243cd4421c5f9221280b9777115bf9ab5", size = 854476 },
    { url = "https://files.pythonhosted.org/packages/8a/93/7a078baa310ffc0871b7044d17b34bb10d4b31a8bfc005b4009b8e6a0d48/gmpy2-2.2.2-cp39-cp39-macosx_11_0_arm64.whl", hash = "sha256:7fc42e4d09e62b5a9d92e11d7d6258630943bea28de62c68c8d409d0954cdfae", size = 703495 },
    { url = "https://files.pythonhosted.org/packages/8b/3f/b2262f6f25aa2bdc8d99d9c32934631a5d6f2b32e82180479e98254d9984/gmpy2-2.2.2-cp39-cp39-manylinux2010_i686.manylinux_2_12_i686.manylinux_2_28_i686.whl", hash = "sha256:31a298362fb27af65c664117cc5bb90d42dc96f97748be3e8e22c841af801ce5", size = 1632935 },
    { url = "https://files.pythonhosted.org/packages/ae/34/bfd7e31eafdaafade9c7c94490b3bf270608bc2dd0730b1682c61ad53030/gmpy2-2.2.2-cp39-cp39-manylinux2014_aarch64.manylinux_2_17_aarch64.manylinux_2_28_aarch64.whl", hash = "sha256:30020cc2145946bca2330b24b603bac369a561d8d2d1bc91aeaa2d7d3d236c5a", size = 1573739 },
    { url = "https://files.pythonhosted.org/packages/d8/04/777d31c6197c6d102d4aed7e1ae60a354e8221c9b8f9ab527cfe3e429ade/gmpy2-2.2.2-cp39-cp39-manylinux2014_x86_64.manylinux_2_17_x86_64.manylinux_2_28_x86_64.whl", hash = "sha256:ca34aeee77d67004d5fad94e515110e372dcc15a8b5eb3e2b9b429d3aeee89b9", size = 1669069 },
    { url = "https://files.pythonhosted.org/packages/d0/2b/ddcd1fde245a64a0f610474da58b506586516121c41a03d8685a9283601e/gmpy2-2.2.2-cp39-cp39-musllinux_1_2_aarch64.whl", hash = "sha256:8f6a7b6c8174b3e8d2e74a42f4af53648d470500ac2986fa98cc4073f379cd00", size = 1596773 },
    { url = "https://files.pythonhosted.org/packages/c3/e3/c582ea9675a09872d3480af403e574aa02fbddfbceeb8474ec63f88f72c3/gmpy2-2.2.2-cp39-cp39-musllinux_1_2_i686.whl", hash = "sha256:e1e7ce3ac3aa34af69bc6f3831e4d55b6d932e903ca0ffabd6db7746d9472b80", size = 1612631 },
    { url = "https://files.pythonhosted.org/packages/06/aa/9e9c0005bf0c069e8163c3315f05583e054ddeaa69132e08b0798a5f95d3/gmpy2-2.2.2-cp39-cp39-musllinux_1_2_x86_64.whl", hash = "sha256:234f4f357e351ac6ad39b75212e9099e9ac19e7f472a636fa33d3616fe4a79e7", size = 1627492 },
    { url = "https://files.pythonhosted.org/packages/30/f7/5d9f418d2aa98b25c303908a69c89a73d0cab0aae54c05fae246eed522c0/gmpy2-2.2.2-cp39-cp39-win_amd64.whl", hash = "sha256:141590a1066adef667e18ecbe7b64ca3ba2133ec2437a7f70cae3f1bb5b8a03f", size = 1228692 },
    { url = "https://files.pythonhosted.org/packages/d0/c6/054346f3aa99d5e147be216531248d54f8a93f793245fecd7f8032e1dbb1/gmpy2-2.2.2-cp39-cp39-win_arm64.whl", hash = "sha256:2628495153429d804140c01820d28d76f4eea872d8dac07b594a5103762127d2", size = 846515 },
]

[[package]]
name = "idna"
version = "3.11"
source = { registry = "https://pypi.org/simple" }
sdist = { url = "https://files.pythonhosted.org/packages/6f/6d/0703ccc57f3a7233505399edb88de3cbd678da106337b9fcde432b65ed60/idna-3.11.tar.gz", hash = "sha256:795dafcc9c04ed0c1fb032c2aa73654d8e8c5023a7df64a53f39190ada629902", size = 194582 }
wheels = [
    { url = "https://files.pythonhosted.org/packages/0e/61/66938bbb5fc52dbdf84594873d5b51fb1f7c7794e9c0f5bd885f30bc507b/idna-3.11-py3-none-any.whl", hash = "sha256:771a87f49d9defaf64091e6e6fe9c18d4833f140bd19464795bc32d966ca37ea", size = 71008 },
]

[[package]]
name = "immutabledict"
version = "4.2.2"
source = { registry = "https://pypi.org/simple" }
sdist = { url = "https://files.pythonhosted.org/packages/ce/12/1da8e1a9050d0603ba65fb1796ed8860a705b906701c96e77f85cc7490be/immutabledict-4.2.2.tar.gz", hash = "sha256:cb6ed3090df593148f94cb407d218ca526fd2639694afdb553dc4f50ce6feeca", size = 6099 }
wheels = [
    { url = "https://files.pythonhosted.org/packages/63/7b/04ab6afa1ff7eb9ccb09049918c0407b205f5009092c0416147d163e4e2b/immutabledict-4.2.2-py3-none-any.whl", hash = "sha256:97c31d098a2c850e93a958badeef765e4736ed7942ec73e439facd764a3a7217", size = 4736 },
]

[[package]]
name = "mcallister-2107-experiment"
version = "0.1.0"
source = { virtual = "." }
dependencies = [
    { name = "cvxopt" },
    { name = "mosek" },
    { name = "mpmath" },
    { name = "numpy" },
    { name = "ortools" },
    { name = "pplpy" },
    { name = "python-flint" },
    { name = "requests" },
    { name = "scipy" },
    { name = "tqdm" },
]

[package.metadata]
requires-dist = [
    { name = "cvxopt" },
    { name = "mosek", specifier = ">=11.0.30" },
    { name = "mpmath" },
    { name = "numpy", specifier = "<2" },
    { name = "ortools" },
    { name = "pplpy" },
    { name = "python-flint" },
    { name = "requests", specifier = ">=2.32.5" },
    { name = "scipy" },
    { name = "tqdm", specifier = ">=4.67.1" },
]

[package.metadata.requires-dev]
dev = []

[[package]]
name = "mosek"
version = "11.0.30"
source = { registry = "https://pypi.org/simple" }
dependencies = [
    { name = "numpy" },
]
wheels = [
    { url = "https://files.pythonhosted.org/packages/00/f4/834cc6def47aed23b5a3d22142d3b9454f60c9e4d81e4903887789c41689/mosek-11.0.30-cp39-abi3-macosx_11_0_arm64.whl", hash = "sha256:8da2e7e83291d8a7a8585715fad72c8e9aab4022996ce27ed2b8bc7cab410876", size = 8345913 },
    { url = "https://files.pythonhosted.org/packages/4a/1d/b4787882d33c2e467e8dab8ac686cf587b79816a8991f70a065bcc2e65bf/mosek-11.0.30-cp39-abi3-manylinux2014_x86_64.whl", hash = "sha256:9f7adc701e76fc6af1173e9acaf36aaeaa5c144e1f908ae83d74a3a4bfb728ac", size = 14741885 },
    { url = "https://files.pythonhosted.org/packages/f8/66/d19a63ec70900c1e9395f5002853b6159153e12e551fa8263305bc91646b/mosek-11.0.30-cp39-abi3-manylinux_2_29_aarch64.whl", hash = "sha256:d33f6675a7f94affcb069d9617d061eff164155edefa2d573659a8e0de1b2bdd", size = 10268155 },
    { url = "https://files.pythonhosted.org/packages/e4/33/f7ea87eaf160c36aba0f8e297d8c0d5629f751dfa5746f3f2edb602ba58e/mosek-11.0.30-cp39-abi3-win_amd64.whl", hash = "sha256:a73da715dcf2ad7765289eb064a39e9528a86658e75a727b07d9eaeea0ec373c", size = 10649497 },
]

[[package]]
name = "mpmath"
version = "1.3.0"
source = { registry = "https://pypi.org/simple" }
sdist = { url = "https://files.pythonhosted.org/packages/e0/47/dd32fa426cc72114383ac549964eecb20ecfd886d1e5ccf5340b55b02f57/mpmath-1.3.0.tar.gz", hash = "sha256:7a28eb2a9774d00c7bc92411c19a89209d5da7c4c9a9e227be8330a23a25b91f", size = 508106 }
wheels = [
    { url = "https://files.pythonhosted.org/packages/43/e3/7d92a15f894aa0c9c4b49b8ee9ac9850d6e63b03c9c32c0367a13ae62209/mpmath-1.3.0-py3-none-any.whl", hash = "sha256:a0b2b9fe80bbcd81a6647ff13108738cfb482d481d826cc0e02f5b35e5c88d2c", size = 536198 },
]

[[package]]
name = "numpy"
version = "1.26.4"
source = { registry = "https://pypi.org/simple" }
sdist = { url = "https://files.pythonhosted.org/packages/65/6e/09db70a523a96d25e115e71cc56a6f9031e7b8cd166c1ac8438307c14058/numpy-1.26.4.tar.gz", hash = "sha256:2a02aba9ed12e4ac4eb3ea9421c420301a0c6460d9830d74a9df87efa4912010", size = 15786129 }
wheels = [
    { url = "https://files.pythonhosted.org/packages/7d/24/ce71dc08f06534269f66e73c04f5709ee024a1afe92a7b6e1d73f158e1f8/numpy-1.26.4-cp39-cp39-macosx_10_9_x86_64.whl", hash = "sha256:7349ab0fa0c429c82442a27a9673fc802ffdb7c7775fad780226cb234965e53c", size = 20636301 },
    { url = "https://files.pythonhosted.org/packages/ae/8c/ab03a7c25741f9ebc92684a20125fbc9fc1b8e1e700beb9197d750fdff88/numpy-1.26.4-cp39-cp39-macosx_11_0_arm64.whl", hash = "sha256:52b8b60467cd7dd1e9ed082188b4e6bb35aa5cdd01777621a1658910745b90be", size = 13971216 },
    { url = "https://files.pythonhosted.org/packages/6d/64/c3bcdf822269421d85fe0d64ba972003f9bb4aa9a419da64b86856c9961f/numpy-1.26.4-cp39-cp39-manylinux_2_17_aarch64.manylinux2014_aarch64.whl", hash = "sha256:d5241e0a80d808d70546c697135da2c613f30e28251ff8307eb72ba696945764", size = 14226281 },
    { url = "https://files.pythonhosted.org/packages/54/30/c2a907b9443cf42b90c17ad10c1e8fa801975f01cb9764f3f8eb8aea638b/numpy-1.26.4-cp39-cp39-manylinux_2_17_x86_64.manylinux2014_x86_64.whl", hash = "sha256:f870204a840a60da0b12273ef34f7051e98c3b5961b61b0c2c1be6dfd64fbcd3", size = 18249516 },
    { url = "https://files.pythonhosted.org/packages/43/12/01a563fc44c07095996d0129b8899daf89e4742146f7044cdbdb3101c57f/numpy-1.26.4-cp39-cp39-musllinux_1_1_aarch64.whl", hash = "sha256:679b0076f67ecc0138fd2ede3a8fd196dddc2ad3254069bcb9faf9a79b1cebcd", size = 13882132 },
    { url = "https://files.pythonhosted.org/packages/16/ee/9df80b06680aaa23fc6c31211387e0db349e0e36d6a63ba3bd78c5acdf11/numpy-1.26.4-cp39-cp39-musllinux_1_1_x86_64.whl", hash = "sha256:47711010ad8555514b434df65f7d7b076bb8261df1ca9bb78f53d3b2db02e95c", size = 18084181 },
    { url = "https://files.pythonhosted.org/packages/28/7d/4b92e2fe20b214ffca36107f1a3e75ef4c488430e64de2d9af5db3a4637d/numpy-1.26.4-cp39-cp39-win32.whl", hash = "sha256:a354325ee03388678242a4d7ebcd08b5c727033fcff3b2f536aea978e15ee9e6", size = 5976360 },
    { url = "https://files.pythonhosted.org/packages/b5/42/054082bd8220bbf6f297f982f0a8f5479fcbc55c8b511d928df07b965869/numpy-1.26.4-cp39-cp39-win_amd64.whl", hash = "sha256:3373d5d70a5fe74a2c1bb6d2cfd9609ecf686d47a2d7b1d37a8f3b6bf6003aea", size = 15814633 },
    { url = "https://files.pythonhosted.org/packages/3f/72/3df6c1c06fc83d9cfe381cccb4be2532bbd38bf93fbc9fad087b6687f1c0/numpy-1.26.4-pp39-pypy39_pp73-macosx_10_9_x86_64.whl", hash = "sha256:afedb719a9dcfc7eaf2287b839d8198e06dcd4cb5d276a3df279231138e83d30", size = 20455961 },
    { url = "https://files.pythonhosted.org/packages/8e/02/570545bac308b58ffb21adda0f4e220ba716fb658a63c151daecc3293350/numpy-1.26.4-pp39-pypy39_pp73-manylinux_2_17_x86_64.manylinux2014_x86_64.whl", hash = "sha256:95a7476c59002f2f6c590b9b7b998306fba6a5aa646b1e22ddfeaf8f78c3a29c", size = 18061071 },
    { url = "https://files.pythonhosted.org/packages/f4/5f/fafd8c51235f60d49f7a88e2275e13971e90555b67da52dd6416caec32fe/numpy-1.26.4-pp39-pypy39_pp73-win_amd64.whl", hash = "sha256:7e50d0a0cc3189f9cb0aeb3a6a6af18c16f59f004b866cd2be1c14b36134a4a0", size = 15709730 },
]

[[package]]
name = "ortools"
version = "9.14.6206"
source = { registry = "https://pypi.org/simple" }
dependencies = [
    { name = "absl-py" },
    { name = "immutabledict" },
    { name = "numpy" },
    { name = "pandas" },
    { name = "protobuf" },
    { name = "typing-extensions" },
]
wheels = [
    { url = "https://files.pythonhosted.org/packages/ec/16/08dea389793f0122bd8d8ecc34bbd1d3ccbf94fb86d4878943866c378bf1/ortools-9.14.6206-cp39-cp39-macosx_10_15_x86_64.whl", hash = "sha256:070dc7cebfa0df066acb6b9a6d02339351be8f91b2352b782ee7f40412207e20", size = 22209674 },
    { url = "https://files.pythonhosted.org/packages/d9/ab/d728cb5e421ea9670241dc260fb44515e3c757fcaeeef097ab92c46b21d0/ortools-9.14.6206-cp39-cp39-macosx_11_0_arm64.whl", hash = "sha256:5eb558a03b4ada501ecdea7b89f0d3bdf2cc6752e1728759ccf27923f592a8c2", size = 20205205 },
    { url = "https://files.pythonhosted.org/packages/26/11/50181c9e4db6cd06509ab1682ef24d55898ffea46c578d09bae0b83ae9f5/ortools-9.14.6206-cp39-cp39-manylinux_2_27_aarch64.manylinux_2_28_aarch64.whl", hash = "sha256:646329fa74a5c48c591b7fabfd26743f6d2de4e632b3b96ec596c47bfe19177a", size = 25645127 },
    { url = "https://files.pythonhosted.org/packages/ed/21/f2538d48fb44c15efcc1b4090fa1f28febb08b43f33b931275f46ef20e87/ortools-9.14.6206-cp39-cp39-manylinux_2_27_x86_64.manylinux_2_28_x86_64.whl", hash = "sha256:aa5161924f35b8244295acd0fab2a8171bb08ef8d5cfaf1913a21274475704cc", size = 27637436 },
    { url = "https://files.pythonhosted.org/packages/93/81/d81e88a5bdf31cfb32e4f463ae159ac365b50bd5f6d0315e43aa992acf14/ortools-9.14.6206-cp39-cp39-musllinux_1_2_aarch64.whl", hash = "sha256:e253526a026ae194aed544a0d065163f52a0c9cb606a1061c62df546877d5452", size = 27640116 },
    { url = "https://files.pythonhosted.org/packages/17/3d/08cd7d46df3171cb491cadb7fb6a4eb43b5a78070ba2d4da1706e3aba7c0/ortools-9.14.6206-cp39-cp39-musllinux_1_2_x86_64.whl", hash = "sha256:dcb496ef633d884036770783f43bf8a47ff253ecdd8a8f5b95f00276ec241bfd", size = 29470215 },
    { url = "https://files.pythonhosted.org/packages/c8/2b/b6a092a3ee40bc2ca8c0aaf6ef006ca69be31a621bf0b71ac10dfcaf332f/ortools-9.14.6206-cp39-cp39-win_amd64.whl", hash = "sha256:2733f635675de631fdc7b1611878ec9ee2f48a26434b7b3c07d0a0f535b92e03", size = 20571493 },
]

[[package]]
name = "pandas"
version = "2.3.3"
source = { registry = "https://pypi.org/simple" }
dependencies = [
    { name = "numpy" },
    { name = "python-dateutil" },
    { name = "pytz" },
    { name = "tzdata" },
]
sdist = { url = "https://files.pythonhosted.org/packages/33/01/d40b85317f86cf08d853a4f495195c73815fdf205eef3993821720274518/pandas-2.3.3.tar.gz", hash = "sha256:e05e1af93b977f7eafa636d043f9f94c7ee3ac81af99c13508215942e64c993b", size = 4495223 }
wheels = [
    { url = "https://files.pythonhosted.org/packages/56/b4/52eeb530a99e2a4c55ffcd352772b599ed4473a0f892d127f4147cf0f88e/pandas-2.3.3-cp39-cp39-macosx_10_9_x86_64.whl", hash = "sha256:c503ba5216814e295f40711470446bc3fd00f0faea8a086cbc688808e26f92a2", size = 11567720 },
    { url = "https://files.pythonhosted.org/packages/48/4a/2d8b67632a021bced649ba940455ed441ca854e57d6e7658a6024587b083/pandas-2.3.3-cp39-cp39-macosx_11_0_arm64.whl", hash = "sha256:a637c5cdfa04b6d6e2ecedcb81fc52ffb0fd78ce2ebccc9ea964df9f658de8c8", size = 10810302 },
    { url = "https://files.pythonhosted.org/packages/13/e6/d2465010ee0569a245c975dc6967b801887068bc893e908239b1f4b6c1ac/pandas-2.3.3-cp39-cp39-manylinux_2_24_aarch64.manylinux_2_28_aarch64.whl", hash = "sha256:854d00d556406bffe66a4c0802f334c9ad5a96b4f1f868adf036a21b11ef13ff", size = 12154874 },
    { url = "https://files.pythonhosted.org/packages/1f/18/aae8c0aa69a386a3255940e9317f793808ea79d0a525a97a903366bb2569/pandas-2.3.3-cp39-cp39-manylinux_2_24_x86_64.manylinux_2_28_x86_64.whl", hash = "sha256:bf1f8a81d04ca90e32a0aceb819d34dbd378a98bf923b6398b9a3ec0bf44de29", size = 12790141 },
    { url = "https://files.pythonhosted.org/packages/f7/26/617f98de789de00c2a444fbe6301bb19e66556ac78cff933d2c98f62f2b4/pandas-2.3.3-cp39-cp39-musllinux_1_2_aarch64.whl", hash = "sha256:23ebd657a4d38268c7dfbdf089fbc31ea709d82e4923c5ffd4fbd5747133ce73", size = 13208697 },
    { url = "https://files.pythonhosted.org/packages/b9/fb/25709afa4552042bd0e15717c75e9b4a2294c3dc4f7e6ea50f03c5136600/pandas-2.3.3-cp39-cp39-musllinux_1_2_x86_64.whl", hash = "sha256:5554c929ccc317d41a5e3d1234f3be588248e61f08a74dd17c9eabb535777dc9", size = 13879233 },
    { url = "https://files.pythonhosted.org/packages/98/af/7be05277859a7bc399da8ba68b88c96b27b48740b6cf49688899c6eb4176/pandas-2.3.3-cp39-cp39-win_amd64.whl", hash = "sha256:d3e28b3e83862ccf4d85ff19cf8c20b2ae7e503881711ff2d534dc8f761131aa", size = 11359119 },
]

[[package]]
name = "pplpy"
version = "0.8.10"
source = { registry = "https://pypi.org/simple" }
dependencies = [
    { name = "cysignals" },
    { name = "gmpy2" },
]
sdist = { url = "https://files.pythonhosted.org/packages/92/d0/664f5ee65a8d9d071c2cdbfc8e42e0476b5b8c5ceefaa5fc9c2e1cd6fa5e/pplpy-0.8.10.tar.gz", hash = "sha256:d42a216c82914dcf4d7c000debc98bb336b8f83e026ba5d952cccd9f8074effd", size = 64203 }
wheels = [
    { url = "https://files.pythonhosted.org/packages/e2/8d/659f3c7fc98da6c54f31ceacc8bd2d64c402b63f9920ce30f915c9760f99/pplpy-0.8.10-cp39-cp39-macosx_10_9_x86_64.whl", hash = "sha256:d580c86db3be53a1874de4a7e387e21ea08b36512028e3f35eeddd54d4b7d956", size = 1415364 },
    { url = "https://files.pythonhosted.org/packages/4f/0a/ad534471e721e099e89c44ece7fb2ab0e99b9122247b56ba34e18466f7e8/pplpy-0.8.10-cp39-cp39-macosx_11_0_arm64.whl", hash = "sha256:3731b52295d6cbb1eb4f8438c232bef5136e4bec2e78fd437ebd0bd42416eeaf", size = 1220602 },
    { url = "https://files.pythonhosted.org/packages/7c/3e/d4e3f19d0d2c62a73f82dbb7f7c5ace0e477018dd31a2b00e24c2fefc8be/pplpy-0.8.10-cp39-cp39-manylinux_2_17_i686.manylinux2014_i686.whl", hash = "sha256:eaa2c9ea7b4be207309fb64965f5e6a0eea3c4227cec46db35d9a4cea2e6ef57", size = 12412757 },
    { url = "https://files.pythonhosted.org/packages/02/64/ea807a96e30837a284899d61a1509638b2e66677eb0dd689344c1bbc5926/pplpy-0.8.10-cp39-cp39-manylinux_2_17_x86_64.manylinux2014_x86_64.whl", hash = "sha256:df37f8b8bb43285f029efadb65155bf3d9f71aa17b42b7ee25e19afe0f15f4dc", size = 12850503 },
]

[[package]]
name = "protobuf"
version = "6.31.1"
source = { registry = "https://pypi.org/simple" }
sdist = { url = "https://files.pythonhosted.org/packages/52/f3/b9655a711b32c19720253f6f06326faf90580834e2e83f840472d752bc8b/protobuf-6.31.1.tar.gz", hash = "sha256:d8cac4c982f0b957a4dc73a80e2ea24fab08e679c0de9deb835f4a12d69aca9a", size = 441797 }
wheels = [
    { url = "https://files.pythonhosted.org/packages/f3/6f/6ab8e4bf962fd5570d3deaa2d5c38f0a363f57b4501047b5ebeb83ab1125/protobuf-6.31.1-cp310-abi3-win32.whl", hash = "sha256:7fa17d5a29c2e04b7d90e5e32388b8bfd0e7107cd8e616feef7ed3fa6bdab5c9", size = 423603 },
    { url = "https://files.pythonhosted.org/packages/44/3a/b15c4347dd4bf3a1b0ee882f384623e2063bb5cf9fa9d57990a4f7df2fb6/protobuf-6.31.1-cp310-abi3-win_amd64.whl", hash = "sha256:426f59d2964864a1a366254fa703b8632dcec0790d8862d30034d8245e1cd447", size = 435283 },
    { url = "https://files.pythonhosted.org/packages/6a/c9/b9689a2a250264a84e66c46d8862ba788ee7a641cdca39bccf64f59284b7/protobuf-6.31.1-cp39-abi3-macosx_10_9_universal2.whl", hash = "sha256:6f1227473dc43d44ed644425268eb7c2e488ae245d51c6866d19fe158e207402", size = 425604 },
    { url = "https://files.pythonhosted.org/packages/76/a1/7a5a94032c83375e4fe7e7f56e3976ea6ac90c5e85fac8576409e25c39c3/protobuf-6.31.1-cp39-abi3-manylinux2014_aarch64.whl", hash = "sha256:a40fc12b84c154884d7d4c4ebd675d5b3b5283e155f324049ae396b95ddebc39", size = 322115 },
    { url = "https://files.pythonhosted.org/packages/fa/b1/b59d405d64d31999244643d88c45c8241c58f17cc887e73bcb90602327f8/protobuf-6.31.1-cp39-abi3-manylinux2014_x86_64.whl", hash = "sha256:4ee898bf66f7a8b0bd21bce523814e6fbd8c6add948045ce958b73af7e8878c6", size = 321070 },
    { url = "https://files.pythonhosted.org/packages/b1/f0/4160dbd205eee8fdf8647d154e7ceaa9d25b3a877b6311274eb6dc896b75/protobuf-6.31.1-cp39-cp39-win32.whl", hash = "sha256:0414e3aa5a5f3ff423828e1e6a6e907d6c65c1d5b7e6e975793d5590bdeecc16", size = 423626 },
    { url = "https://files.pythonhosted.org/packages/09/34/13989eb9f482409ed821bfa3e34e6a3878b42607c38e7f7572b4cc825091/protobuf-6.31.1-cp39-cp39-win_amd64.whl", hash = "sha256:8764cf4587791e7564051b35524b72844f845ad0bb011704c3736cce762d8fe9", size = 435347 },
    { url = "https://files.pythonhosted.org/packages/f7/af/ab3c51ab7507a7325e98ffe691d9495ee3d3aa5f589afad65ec920d39821/protobuf-6.31.1-py3-none-any.whl", hash = "sha256:720a6c7e6b77288b85063569baae8536671b39f15cc22037ec7045658d80489e", size = 168724 },
]

[[package]]
name = "python-dateutil"
version = "2.9.0.post0"
source = { registry = "https://pypi.org/simple" }
dependencies = [
    { name = "six" },
]
sdist = { url = "https://files.pythonhosted.org/packages/66/c0/0c8b6ad9f17a802ee498c46e004a0eb49bc148f2fd230864601a86dcf6db/python-dateutil-2.9.0.post0.tar.gz", hash = "sha256:37dd54208da7e1cd875388217d5e00ebd4179249f90fb72437e91a35459a0ad3", size = 342432 }
wheels = [
    { url = "https://files.pythonhosted.org/packages/ec/57/56b9bcc3c9c6a792fcbaf139543cee77261f3651ca9da0c93f5c1221264b/python_dateutil-2.9.0.post0-py2.py3-none-any.whl", hash = "sha256:a8b2bc7bffae282281c8140a97d3aa9c14da0b136dfe83f850eea9a5f7470427", size = 229892 },
]

[[package]]
name = "python-flint"
version = "0.6.0"
source = { registry = "https://pypi.org/simple" }
sdist = { url = "https://files.pythonhosted.org/packages/16/3a/d129f056475191377a823efe9876656a81d563bb7463d0f8568ebee81ef6/python-flint-0.6.0.tar.gz", hash = "sha256:f829e00774534891b38de41bc511cf6c7d6d216544a6a84b92d9e1f159de0878", size = 3052267 }
wheels = [
    { url = "https://files.pythonhosted.org/packages/92/ba/70a58fbcb637bacf6f1cdfefdaa6d23878b265d5deaa310675eb38cf6b2a/python_flint-0.6.0-cp39-cp39-macosx_10_9_x86_64.whl", hash = "sha256:2a74da612bb0c1f22ae1434c4afbbc3790a81a3ec606f0fac3fab284ab2df4a5", size = 10848379 },
    { url = "https://files.pythonhosted.org/packages/c5/68/3dfb1ae70a657161742fe830c541908bd79bb8d2ba295e4189646f1ffa55/python_flint-0.6.0-cp39-cp39-macosx_11_0_arm64.whl", hash = "sha256:0d7e366a71bcbba3dfeedf6c5423acad5e9dfb8aa7e508159cac2b0c894a586c", size = 9809293 },
    { url = "https://files.pythonhosted.org/packages/f0/ae/f0d404e82dd6a26aa659675ea0d814b6c5a05a3536e5cc5657c25cd167c0/python_flint-0.6.0-cp39-cp39-manylinux_2_17_x86_64.manylinux2014_x86_64.whl", hash = "sha256:bbda2aad2829e8bdba03ef8de7e0adfc700f85576a7f00519c32b40b6a4b43d7", size = 41183555 },
    { url = "https://files.pythonhosted.org/packages/ff/c8/8ea8eaff003bcd70af262ecd28d149d0d40db7670c547d869c08cba4107a/python_flint-0.6.0-cp39-cp39-win_amd64.whl", hash = "sha256:d30e71d789240651fb2a42115e2b50ac809528ffc62810301a4fd939192bb690", size = 16473045 },
]

[[package]]
name = "pytz"
version = "2025.2"
source = { registry = "https://pypi.org/simple" }
sdist = { url = "https://files.pythonhosted.org/packages/f8/bf/abbd3cdfb8fbc7fb3d4d38d320f2441b1e7cbe29be4f23797b4a2b5d8aac/pytz-2025.2.tar.gz", hash = "sha256:360b9e3dbb49a209c21ad61809c7fb453643e048b38924c765813546746e81c3", size = 320884 }
wheels = [
    { url = "https://files.pythonhosted.org/packages/81/c4/34e93fe5f5429d7570ec1fa436f1986fb1f00c3e0f43a589fe2bbcd22c3f/pytz-2025.2-py2.py3-none-any.whl", hash = "sha256:5ddf76296dd8c44c26eb8f4b6f35488f3ccbf6fbbd7adee0b7262d43f0ec2f00", size = 509225 },
]

[[package]]
name = "requests"
version = "2.32.5"
source = { registry = "https://pypi.org/simple" }
dependencies = [
    { name = "certifi" },
    { name = "charset-normalizer" },
    { name = "idna" },
    { name = "urllib3" },
]
sdist = { url = "https://files.pythonhosted.org/packages/c9/74/b3ff8e6c8446842c3f5c837e9c3dfcfe2018ea6ecef224c710c85ef728f4/requests-2.32.5.tar.gz", hash = "sha256:dbba0bac56e100853db0ea71b82b4dfd5fe2bf6d3754a8893c3af500cec7d7cf", size = 134517 }
wheels = [
    { url = "https://files.pythonhosted.org/packages/1e/db/4254e3eabe8020b458f1a747140d32277ec7a271daf1d235b70dc0b4e6e3/requests-2.32.5-py3-none-any.whl", hash = "sha256:2462f94637a34fd532264295e186976db0f5d453d1cdd31473c85a6a161affb6", size = 64738 },
]

[[package]]
name = "scipy"
version = "1.13.1"
source = { registry = "https://pypi.org/simple" }
dependencies = [
    { name = "numpy" },
]
sdist = { url = "https://files.pythonhosted.org/packages/ae/00/48c2f661e2816ccf2ecd77982f6605b2950afe60f60a52b4cbbc2504aa8f/scipy-1.13.1.tar.gz", hash = "sha256:095a87a0312b08dfd6a6155cbbd310a8c51800fc931b8c0b84003014b874ed3c", size = 57210720 }
wheels = [
    { url = "https://files.pythonhosted.org/packages/7f/29/c2ea58c9731b9ecb30b6738113a95d147e83922986b34c685b8f6eefde21/scipy-1.13.1-cp39-cp39-macosx_10_9_x86_64.whl", hash = "sha256:436bbb42a94a8aeef855d755ce5a465479c721e9d684de76bf61a62e7c2b81d5", size = 39352927 },
    { url = "https://files.pythonhosted.org/packages/5c/c0/e71b94b20ccf9effb38d7147c0064c08c622309fd487b1b677771a97d18c/scipy-1.13.1-cp39-cp39-macosx_12_0_arm64.whl", hash = "sha256:8335549ebbca860c52bf3d02f80784e91a004b71b059e3eea9678ba994796a24", size = 30324538 },
    { url = "https://files.pythonhosted.org/packages/6d/0f/aaa55b06d474817cea311e7b10aab2ea1fd5d43bc6a2861ccc9caec9f418/scipy-1.13.1-cp39-cp39-manylinux_2_17_aarch64.manylinux2014_aarch64.whl", hash = "sha256:d533654b7d221a6a97304ab63c41c96473ff04459e404b83275b60aa8f4b7004", size = 33732190 },
    { url = "https://files.pythonhosted.org/packages/35/f5/d0ad1a96f80962ba65e2ce1de6a1e59edecd1f0a7b55990ed208848012e0/scipy-1.13.1-cp39-cp39-manylinux_2_17_x86_64.manylinux2014_x86_64.whl", hash = "sha256:637e98dcf185ba7f8e663e122ebf908c4702420477ae52a04f9908707456ba4d", size = 38612244 },
    { url = "https://files.pythonhosted.org/packages/8d/02/1165905f14962174e6569076bcc3315809ae1291ed14de6448cc151eedfd/scipy-1.13.1-cp39-cp39-musllinux_1_1_x86_64.whl", hash = "sha256:a014c2b3697bde71724244f63de2476925596c24285c7a637364761f8710891c", size = 38845637 },
    { url = "https://files.pythonhosted.org/packages/3e/77/dab54fe647a08ee4253963bcd8f9cf17509c8ca64d6335141422fe2e2114/scipy-1.13.1-cp39-cp39-win_amd64.whl", hash = "sha256:392e4ec766654852c25ebad4f64e4e584cf19820b980bc04960bca0b0cd6eaa2", size = 46227440 },
]

[[package]]
name = "six"
version = "1.17.0"
source = { registry = "https://pypi.org/simple" }
sdist = { url = "https://files.pythonhosted.org/packages/94/e7/b2c673351809dca68a0e064b6af791aa332cf192da575fd474ed7d6f16a2/six-1.17.0.tar.gz", hash = "sha256:ff70335d468e7eb6ec65b95b99d3a2836546063f63acc5171de367e834932a81", size = 34031 }
wheels = [
    { url = "https://files.pythonhosted.org/packages/b7/ce/149a00dd41f10bc29e5921b496af8b574d8413afcd5e30dfa0ed46c2cc5e/six-1.17.0-py2.py3-none-any.whl", hash = "sha256:4721f391ed90541fddacab5acf947aa0d3dc7d27b2e1e8eda2be8970586c3274", size = 11050 },
]

[[package]]
name = "tqdm"
version = "4.67.1"
source = { registry = "https://pypi.org/simple" }
dependencies = [
    { name = "colorama", marker = "sys_platform == 'win32'" },
]
sdist = { url = "https://files.pythonhosted.org/packages/a8/4b/29b4ef32e036bb34e4ab51796dd745cdba7ed47ad142a9f4a1eb8e0c744d/tqdm-4.67.1.tar.gz", hash = "sha256:f8aef9c52c08c13a65f30ea34f4e5aac3fd1a34959879d7e59e63027286627f2", size = 169737 }
wheels = [
    { url = "https://files.pythonhosted.org/packages/d0/30/dc54f88dd4a2b5dc8a0279bdd7270e735851848b762aeb1c1184ed1f6b14/tqdm-4.67.1-py3-none-any.whl", hash = "sha256:26445eca388f82e72884e0d580d5464cd801a3ea01e63e5601bdff9ba6a48de2", size = 78540 },
]

[[package]]
name = "typing-extensions"
version = "4.15.0"
source = { registry = "https://pypi.org/simple" }
sdist = { url = "https://files.pythonhosted.org/packages/72/94/1a15dd82efb362ac84269196e94cf00f187f7ed21c242792a923cdb1c61f/typing_extensions-4.15.0.tar.gz", hash = "sha256:0cea48d173cc12fa28ecabc3b837ea3cf6f38c6d1136f85cbaaf598984861466", size = 109391 }
wheels = [
    { url = "https://files.pythonhosted.org/packages/18/67/36e9267722cc04a6b9f15c7f3441c2363321a3ea07da7ae0c0707beb2a9c/typing_extensions-4.15.0-py3-none-any.whl", hash = "sha256:f0fa19c6845758ab08074a0cfa8b7aecb71c999ca73d62883bc25cc018c4e548", size = 44614 },
]

[[package]]
name = "tzdata"
version = "2025.2"
source = { registry = "https://pypi.org/simple" }
sdist = { url = "https://files.pythonhosted.org/packages/95/32/1a225d6164441be760d75c2c42e2780dc0873fe382da3e98a2e1e48361e5/tzdata-2025.2.tar.gz", hash = "sha256:b60a638fcc0daffadf82fe0f57e53d06bdec2f36c4df66280ae79bce6bd6f2b9", size = 196380 }
wheels = [
    { url = "https://files.pythonhosted.org/packages/5c/23/c7abc0ca0a1526a0774eca151daeb8de62ec457e77262b66b359c3c7679e/tzdata-2025.2-py2.py3-none-any.whl", hash = "sha256:1a403fada01ff9221ca8044d701868fa132215d84beb92242d9acd2147f667a8", size = 347839 },
]

[[package]]
name = "urllib3"
version = "2.6.1"
source = { registry = "https://pypi.org/simple" }
sdist = { url = "https://files.pythonhosted.org/packages/5e/1d/0f3a93cca1ac5e8287842ed4eebbd0f7a991315089b1a0b01c7788aa7b63/urllib3-2.6.1.tar.gz", hash = "sha256:5379eb6e1aba4088bae84f8242960017ec8d8e3decf30480b3a1abdaa9671a3f", size = 432678 }
wheels = [
    { url = "https://files.pythonhosted.org/packages/bc/56/190ceb8cb10511b730b564fb1e0293fa468363dbad26145c34928a60cb0c/urllib3-2.6.1-py3-none-any.whl", hash = "sha256:e67d06fe947c36a7ca39f4994b08d73922d40e6cca949907be05efa6fd75110b", size = 131138 },
]
